
Microsoft Visual Studio Solution File, Format Version 12.00
# Visual Studio Version 16
VisualStudioVersion = 16.0.31729.503
MinimumVisualStudioVersion = 10.0.40219.1
Project("{FAE04EC0-301F-11D3-BF4B-00C04F79EFBC}") = "bai1", "bai1\bai1.csproj", "{ED3A5EA5-DC8F-46BD-8E4E-35194B75B917}"
EndProject
Project("{FAE04EC0-301F-11D3-BF4B-00C04F79EFBC}") = "bai2", "bai2\bai2.csproj", "{B4B153B6-3776-4DDE-95B5-521145EAB4D6}"
EndProject
Project("{FAE04EC0-301F-11D3-BF4B-00C04F79EFBC}") = "bai3", "bai3\bai3.csproj", "{4329A0A1-FEAA-4ADD-BAFE-A9FA505E1CAE}"
EndProject
Project("{FAE04EC0-301F-11D3-BF4B-00C04F79EFBC}") = "bai5", "bai5\bai5.csproj", "{FCDABCF7-3686-4B1B-8E84-75F83629247C}"
EndProject
Project("{FAE04EC0-301F-11D3-BF4B-00C04F79EFBC}") = "bai4", "bai4\bai4\bai4.csproj", "{C2E886DC-8C9A-44AE-A86A-C44B1D1F3D28}"
EndProject
Global
	GlobalSection(SolutionConfigurationPlatforms) = preSolution
		Debug|Any CPU = Debug|Any CPU
		Release|Any CPU = Release|Any CPU
	EndGlobalSection
	GlobalSection(ProjectConfigurationPlatforms) = postSolution
		{ED3A5EA5-DC8F-46BD-8E4E-35194B75B917}.Debug|Any CPU.ActiveCfg = Debug|Any CPU
		{ED3A5EA5-DC8F-46BD-8E4E-35194B75B917}.Debug|Any CPU.Build.0 = Debug|Any CPU
		{ED3A5EA5-DC8F-46BD-8E4E-35194B75B917}.Release|Any CPU.ActiveCfg = Release|Any CPU
		{ED3A5EA5-DC8F-46BD-8E4E-35194B75B917}.Release|Any CPU.Build.0 = Release|Any CPU
		{B4B153B6-3776-4DDE-95B5-521145EAB4D6}.Debug|Any CPU.ActiveCfg = Debug|Any CPU
		{B4B153B6-3776-4DDE-95B5-521145EAB4D6}.Debug|Any CPU.Build.0 = Debug|Any CPU
		{B4B153B6-3776-4DDE-95B5-521145EAB4D6}.Release|Any CPU.ActiveCfg = Release|Any CPU
		{B4B153B6-3776-4DDE-95B5-521145EAB4D6}.Release|Any CPU.Build.0 = Release|Any CPU
		{4329A0A1-FEAA-4ADD-BAFE-A9FA505E1CAE}.Debug|Any CPU.ActiveCfg = Debug|Any CPU
		{4329A0A1-FEAA-4ADD-BAFE-A9FA505E1CAE}.Debug|Any CPU.Build.0 = Debug|Any CPU
		{4329A0A1-FEAA-4ADD-BAFE-A9FA505E1CAE}.Release|Any CPU.ActiveCfg = Release|Any CPU
		{4329A0A1-FEAA-4ADD-BAFE-A9FA505E1CAE}.Release|Any CPU.Build.0 = Release|Any CPU
		{FCDABCF7-3686-4B1B-8E84-75F83629247C}.Debug|Any CPU.ActiveCfg = Debug|Any CPU
		{FCDABCF7-3686-4B1B-8E84-75F83629247C}.Debug|Any CPU.Build.0 = Debug|Any CPU
		{FCDABCF7-3686-4B1B-8E84-75F83629247C}.Release|Any CPU.ActiveCfg = Release|Any CPU
		{FCDABCF7-3686-4B1B-8E84-75F83629247C}.Release|Any CPU.Build.0 = Release|Any CPU
		{C2E886DC-8C9A-44AE-A86A-C44B1D1F3D28}.Debug|Any CPU.ActiveCfg = Debug|Any CPU
		{C2E886DC-8C9A-44AE-A86A-C44B1D1F3D28}.Debug|Any CPU.Build.0 = Debug|Any CPU
		{C2E886DC-8C9A-44AE-A86A-C44B1D1F3D28}.Release|Any CPU.ActiveCfg = Release|Any CPU
		{C2E886DC-8C9A-44AE-A86A-C44B1D1F3D28}.Release|Any CPU.Build.0 = Release|Any CPU
	EndGlobalSection
	GlobalSection(SolutionProperties) = preSolution
		HideSolutionNode = FALSE
	EndGlobalSection
	GlobalSection(ExtensibilityGlobals) = postSolution
		SolutionGuid = {72C501FB-1439-498E-873E-CD7F51D78738}
	EndGlobalSection
EndGlobal
