
Microsoft Visual Studio Solution File, Format Version 12.00
# Visual Studio 15
VisualStudioVersion = 15.0.28307.1738
MinimumVisualStudioVersion = 10.0.40219.1
Project("{FAE04EC0-301F-11D3-BF4B-00C04F79EFBC}") = "bai2", "bai2\bai2.csproj", "{83C78D8B-DBF3-4BAA-A6F7-E4C0D80366C7}"
EndProject
Global
	GlobalSection(SolutionConfigurationPlatforms) = preSolution
		Debug|Any CPU = Debug|Any CPU
		Release|Any CPU = Release|Any CPU
	EndGlobalSection
	GlobalSection(ProjectConfigurationPlatforms) = postSolution
		{83C78D8B-DBF3-4BAA-A6F7-E4C0D80366C7}.Debug|Any CPU.ActiveCfg = Debug|Any CPU
		{83C78D8B-DBF3-4BAA-A6F7-E4C0D80366C7}.Debug|Any CPU.Build.0 = Debug|Any CPU
		{83C78D8B-DBF3-4BAA-A6F7-E4C0D80366C7}.Release|Any CPU.ActiveCfg = Release|Any CPU
		{83C78D8B-DBF3-4BAA-A6F7-E4C0D80366C7}.Release|Any CPU.Build.0 = Release|Any CPU
	EndGlobalSection
	GlobalSection(SolutionProperties) = preSolution
		HideSolutionNode = FALSE
	EndGlobalSection
	GlobalSection(ExtensibilityGlobals) = postSolution
		SolutionGuid = {DE59962B-6A4D-4543-9637-3048445F5889}
	EndGlobalSection
EndGlobal
