
Microsoft Visual Studio Solution File, Format Version 12.00
# Visual Studio Version 16
VisualStudioVersion = 16.0.31729.503
MinimumVisualStudioVersion = 10.0.40219.1
Project("{FAE04EC0-301F-11D3-BF4B-00C04F79EFBC}") = "Bai2.5", "Bai2.5\Bai2.5.csproj", "{2D3D4B68-2768-455E-9D04-CD1285CB5373}"
EndProject
Project("{FAE04EC0-301F-11D3-BF4B-00C04F79EFBC}") = "Bai2.6", "..\Bai2.6\Bai2.6.csproj", "{61CA991D-12A6-44C8-A9FB-0EA7BB2301B9}"
EndProject
Global
	GlobalSection(SolutionConfigurationPlatforms) = preSolution
		Debug|Any CPU = Debug|Any CPU
		Release|Any CPU = Release|Any CPU
	EndGlobalSection
	GlobalSection(ProjectConfigurationPlatforms) = postSolution
		{2D3D4B68-2768-455E-9D04-CD1285CB5373}.Debug|Any CPU.ActiveCfg = Debug|Any CPU
		{2D3D4B68-2768-455E-9D04-CD1285CB5373}.Debug|Any CPU.Build.0 = Debug|Any CPU
		{2D3D4B68-2768-455E-9D04-CD1285CB5373}.Release|Any CPU.ActiveCfg = Release|Any CPU
		{2D3D4B68-2768-455E-9D04-CD1285CB5373}.Release|Any CPU.Build.0 = Release|Any CPU
		{61CA991D-12A6-44C8-A9FB-0EA7BB2301B9}.Debug|Any CPU.ActiveCfg = Debug|Any CPU
		{61CA991D-12A6-44C8-A9FB-0EA7BB2301B9}.Debug|Any CPU.Build.0 = Debug|Any CPU
		{61CA991D-12A6-44C8-A9FB-0EA7BB2301B9}.Release|Any CPU.ActiveCfg = Release|Any CPU
		{61CA991D-12A6-44C8-A9FB-0EA7BB2301B9}.Release|Any CPU.Build.0 = Release|Any CPU
	EndGlobalSection
	GlobalSection(SolutionProperties) = preSolution
		HideSolutionNode = FALSE
	EndGlobalSection
	GlobalSection(ExtensibilityGlobals) = postSolution
		SolutionGuid = {7BA867CC-1267-4087-9F40-5BF7CECB54E7}
	EndGlobalSection
EndGlobal
