
Microsoft Visual Studio Solution File, Format Version 12.00
# Visual Studio Version 16
VisualStudioVersion = 16.0.31729.503
MinimumVisualStudioVersion = 10.0.40219.1
Project("{FAE04EC0-301F-11D3-BF4B-00C04F79EFBC}") = "Bai3.7", "Bai3.7\Bai3.7.csproj", "{42669067-0850-4F3F-BAEA-B9C71D650C60}"
EndProject
Global
	GlobalSection(SolutionConfigurationPlatforms) = preSolution
		Debug|Any CPU = Debug|Any CPU
		Release|Any CPU = Release|Any CPU
	EndGlobalSection
	GlobalSection(ProjectConfigurationPlatforms) = postSolution
		{42669067-0850-4F3F-BAEA-B9C71D650C60}.Debug|Any CPU.ActiveCfg = Debug|Any CPU
		{42669067-0850-4F3F-BAEA-B9C71D650C60}.Debug|Any CPU.Build.0 = Debug|Any CPU
		{42669067-0850-4F3F-BAEA-B9C71D650C60}.Release|Any CPU.ActiveCfg = Release|Any CPU
		{42669067-0850-4F3F-BAEA-B9C71D650C60}.Release|Any CPU.Build.0 = Release|Any CPU
	EndGlobalSection
	GlobalSection(SolutionProperties) = preSolution
		HideSolutionNode = FALSE
	EndGlobalSection
	GlobalSection(ExtensibilityGlobals) = postSolution
		SolutionGuid = {ABEC08E8-30CB-41C7-AE91-8F5EFFB54A92}
	EndGlobalSection
EndGlobal
