
Microsoft Visual Studio Solution File, Format Version 12.00
# Visual Studio 15
VisualStudioVersion = 15.0.28307.1738
MinimumVisualStudioVersion = 10.0.40219.1
Project("{FAE04EC0-301F-11D3-BF4B-00C04F79EFBC}") = "bai9", "bai9\bai9.csproj", "{24A94FDD-E13A-43A9-8663-CD0927C279D6}"
EndProject
Global
	GlobalSection(SolutionConfigurationPlatforms) = preSolution
		Debug|Any CPU = Debug|Any CPU
		Release|Any CPU = Release|Any CPU
	EndGlobalSection
	GlobalSection(ProjectConfigurationPlatforms) = postSolution
		{24A94FDD-E13A-43A9-8663-CD0927C279D6}.Debug|Any CPU.ActiveCfg = Debug|Any CPU
		{24A94FDD-E13A-43A9-8663-CD0927C279D6}.Debug|Any CPU.Build.0 = Debug|Any CPU
		{24A94FDD-E13A-43A9-8663-CD0927C279D6}.Release|Any CPU.ActiveCfg = Release|Any CPU
		{24A94FDD-E13A-43A9-8663-CD0927C279D6}.Release|Any CPU.Build.0 = Release|Any CPU
	EndGlobalSection
	GlobalSection(SolutionProperties) = preSolution
		HideSolutionNode = FALSE
	EndGlobalSection
	GlobalSection(ExtensibilityGlobals) = postSolution
		SolutionGuid = {CE1709D7-858A-4C3A-A506-8A592FA413B5}
	EndGlobalSection
EndGlobal
