
Microsoft Visual Studio Solution File, Format Version 12.00
# Visual Studio Version 16
VisualStudioVersion = 16.0.31729.503
MinimumVisualStudioVersion = 10.0.40219.1
Project("{FAE04EC0-301F-11D3-BF4B-00C04F79EFBC}") = "Bai2.10", "Bai2.10\Bai2.10.csproj", "{B5DDDEF3-56B9-44AB-A999-2B28BA79C1CA}"
EndProject
Global
	GlobalSection(SolutionConfigurationPlatforms) = preSolution
		Debug|Any CPU = Debug|Any CPU
		Release|Any CPU = Release|Any CPU
	EndGlobalSection
	GlobalSection(ProjectConfigurationPlatforms) = postSolution
		{B5DDDEF3-56B9-44AB-A999-2B28BA79C1CA}.Debug|Any CPU.ActiveCfg = Debug|Any CPU
		{B5DDDEF3-56B9-44AB-A999-2B28BA79C1CA}.Debug|Any CPU.Build.0 = Debug|Any CPU
		{B5DDDEF3-56B9-44AB-A999-2B28BA79C1CA}.Release|Any CPU.ActiveCfg = Release|Any CPU
		{B5DDDEF3-56B9-44AB-A999-2B28BA79C1CA}.Release|Any CPU.Build.0 = Release|Any CPU
	EndGlobalSection
	GlobalSection(SolutionProperties) = preSolution
		HideSolutionNode = FALSE
	EndGlobalSection
	GlobalSection(ExtensibilityGlobals) = postSolution
		SolutionGuid = {F05438BA-6DDC-46AE-B53E-A35A9B3A9F5B}
	EndGlobalSection
EndGlobal
