
Microsoft Visual Studio Solution File, Format Version 12.00
# Visual Studio Version 16
VisualStudioVersion = 16.0.31729.503
MinimumVisualStudioVersion = 10.0.40219.1
Project("{FAE04EC0-301F-11D3-BF4B-00C04F79EFBC}") = "Bai4.2", "Bai4.2\Bai4.2.csproj", "{F7F70348-B135-4170-9AF9-AF60666B8C30}"
EndProject
Global
	GlobalSection(SolutionConfigurationPlatforms) = preSolution
		Debug|Any CPU = Debug|Any CPU
		Release|Any CPU = Release|Any CPU
	EndGlobalSection
	GlobalSection(ProjectConfigurationPlatforms) = postSolution
		{F7F70348-B135-4170-9AF9-AF60666B8C30}.Debug|Any CPU.ActiveCfg = Debug|Any CPU
		{F7F70348-B135-4170-9AF9-AF60666B8C30}.Debug|Any CPU.Build.0 = Debug|Any CPU
		{F7F70348-B135-4170-9AF9-AF60666B8C30}.Release|Any CPU.ActiveCfg = Release|Any CPU
		{F7F70348-B135-4170-9AF9-AF60666B8C30}.Release|Any CPU.Build.0 = Release|Any CPU
	EndGlobalSection
	GlobalSection(SolutionProperties) = preSolution
		HideSolutionNode = FALSE
	EndGlobalSection
	GlobalSection(ExtensibilityGlobals) = postSolution
		SolutionGuid = {0B97E2C3-38C8-460F-B576-191DCE19982E}
	EndGlobalSection
EndGlobal
