
Microsoft Visual Studio Solution File, Format Version 12.00
# Visual Studio Version 16
VisualStudioVersion = 16.0.31729.503
MinimumVisualStudioVersion = 10.0.40219.1
Project("{FAE04EC0-301F-11D3-BF4B-00C04F79EFBC}") = "Bai4.5", "Bai4.5\Bai4.5.csproj", "{A22DA970-510D-4CAF-BE39-81DDEB861175}"
EndProject
Global
	GlobalSection(SolutionConfigurationPlatforms) = preSolution
		Debug|Any CPU = Debug|Any CPU
		Release|Any CPU = Release|Any CPU
	EndGlobalSection
	GlobalSection(ProjectConfigurationPlatforms) = postSolution
		{A22DA970-510D-4CAF-BE39-81DDEB861175}.Debug|Any CPU.ActiveCfg = Debug|Any CPU
		{A22DA970-510D-4CAF-BE39-81DDEB861175}.Debug|Any CPU.Build.0 = Debug|Any CPU
		{A22DA970-510D-4CAF-BE39-81DDEB861175}.Release|Any CPU.ActiveCfg = Release|Any CPU
		{A22DA970-510D-4CAF-BE39-81DDEB861175}.Release|Any CPU.Build.0 = Release|Any CPU
	EndGlobalSection
	GlobalSection(SolutionProperties) = preSolution
		HideSolutionNode = FALSE
	EndGlobalSection
	GlobalSection(ExtensibilityGlobals) = postSolution
		SolutionGuid = {ACC53265-DDD5-4B8A-BDCF-D79A10C73CD6}
	EndGlobalSection
EndGlobal
