
Microsoft Visual Studio Solution File, Format Version 12.00
# Visual Studio Version 16
VisualStudioVersion = 16.0.31729.503
MinimumVisualStudioVersion = 10.0.40219.1
Project("{FAE04EC0-301F-11D3-BF4B-00C04F79EFBC}") = "Bai4.1", "Bai4.1\Bai4.1.csproj", "{41F1642F-CE12-4596-A500-57D943A1A176}"
EndProject
Global
	GlobalSection(SolutionConfigurationPlatforms) = preSolution
		Debug|Any CPU = Debug|Any CPU
		Release|Any CPU = Release|Any CPU
	EndGlobalSection
	GlobalSection(ProjectConfigurationPlatforms) = postSolution
		{41F1642F-CE12-4596-A500-57D943A1A176}.Debug|Any CPU.ActiveCfg = Debug|Any CPU
		{41F1642F-CE12-4596-A500-57D943A1A176}.Debug|Any CPU.Build.0 = Debug|Any CPU
		{41F1642F-CE12-4596-A500-57D943A1A176}.Release|Any CPU.ActiveCfg = Release|Any CPU
		{41F1642F-CE12-4596-A500-57D943A1A176}.Release|Any CPU.Build.0 = Release|Any CPU
	EndGlobalSection
	GlobalSection(SolutionProperties) = preSolution
		HideSolutionNode = FALSE
	EndGlobalSection
	GlobalSection(ExtensibilityGlobals) = postSolution
		SolutionGuid = {31A7B01E-FE5B-4E05-8346-6F6BBB95257A}
	EndGlobalSection
EndGlobal
