
Microsoft Visual Studio Solution File, Format Version 12.00
# Visual Studio Version 16
VisualStudioVersion = 16.0.31729.503
MinimumVisualStudioVersion = 10.0.40219.1
Project("{FAE04EC0-301F-11D3-BF4B-00C04F79EFBC}") = "Bai3.2", "Bai3.2\Bai3.2.csproj", "{A477672B-4B2D-40B2-933A-982D5BE8BF55}"
EndProject
Global
	GlobalSection(SolutionConfigurationPlatforms) = preSolution
		Debug|Any CPU = Debug|Any CPU
		Release|Any CPU = Release|Any CPU
	EndGlobalSection
	GlobalSection(ProjectConfigurationPlatforms) = postSolution
		{A477672B-4B2D-40B2-933A-982D5BE8BF55}.Debug|Any CPU.ActiveCfg = Debug|Any CPU
		{A477672B-4B2D-40B2-933A-982D5BE8BF55}.Debug|Any CPU.Build.0 = Debug|Any CPU
		{A477672B-4B2D-40B2-933A-982D5BE8BF55}.Release|Any CPU.ActiveCfg = Release|Any CPU
		{A477672B-4B2D-40B2-933A-982D5BE8BF55}.Release|Any CPU.Build.0 = Release|Any CPU
	EndGlobalSection
	GlobalSection(SolutionProperties) = preSolution
		HideSolutionNode = FALSE
	EndGlobalSection
	GlobalSection(ExtensibilityGlobals) = postSolution
		SolutionGuid = {1429A018-C7CE-4BC2-9BE5-76B28663CE8E}
	EndGlobalSection
EndGlobal
